
Microsoft Visual Studio Solution File, Format Version 12.00
# Visual Studio Version 17
VisualStudioVersion = 17.4.32916.344
MinimumVisualStudioVersion = 10.0.40219.1
Project("{9A19103F-16F7-4668-BE54-9A1E7A4F7556}") = "Plugin", "src\Plugin.csproj", "{9E57A437-1480-492C-A171-FDC4179B9116}"
EndProject
Project("{FAE04EC0-301F-11D3-BF4B-00C04F79EFBC}") = "SourceGen", "SourceGen\SourceGen.csproj", "{342F5C8D-0453-4FEF-A2AE-875EB6E621C4}"
EndProject
Global
	GlobalSection(SolutionConfigurationPlatforms) = preSolution
		Debug|Any CPU = Debug|Any CPU
		Release|Any CPU = Release|Any CPU
	EndGlobalSection
	GlobalSection(ProjectConfigurationPlatforms) = postSolution
		{9E57A437-1480-492C-A171-FDC4179B9116}.Debug|Any CPU.ActiveCfg = Debug|Any CPU
		{9E57A437-1480-492C-A171-FDC4179B9116}.Debug|Any CPU.Build.0 = Debug|Any CPU
		{9E57A437-1480-492C-A171-FDC4179B9116}.Release|Any CPU.ActiveCfg = Release|Any CPU
		{9E57A437-1480-492C-A171-FDC4179B9116}.Release|Any CPU.Build.0 = Release|Any CPU
		{342F5C8D-0453-4FEF-A2AE-875EB6E621C4}.Debug|Any CPU.ActiveCfg = Debug|Any CPU
		{342F5C8D-0453-4FEF-A2AE-875EB6E621C4}.Debug|Any CPU.Build.0 = Debug|Any CPU
		{342F5C8D-0453-4FEF-A2AE-875EB6E621C4}.Release|Any CPU.ActiveCfg = Release|Any CPU
		{342F5C8D-0453-4FEF-A2AE-875EB6E621C4}.Release|Any CPU.Build.0 = Release|Any CPU
	EndGlobalSection
	GlobalSection(SolutionProperties) = preSolution
		HideSolutionNode = FALSE
	EndGlobalSection
	GlobalSection(ExtensibilityGlobals) = postSolution
		SolutionGuid = {621B8E9B-BF8F-42F1-85FF-B47551AC395D}
	EndGlobalSection
EndGlobal
